
Microsoft Visual Studio Solution File, Format Version 12.00
# Visual Studio 15
VisualStudioVersion = 15.0.28307.271
MinimumVisualStudioVersion = 10.0.40219.1
Project("{FAE04EC0-301F-11D3-BF4B-00C04F79EFBC}") = "mywebapp02", "mywebapp02\mywebapp02.csproj", "{0C2C66E7-A39F-4FBA-8CD7-D342055FB212}"
EndProject
Global
	GlobalSection(SolutionConfigurationPlatforms) = preSolution
		Debug|Any CPU = Debug|Any CPU
		Release|Any CPU = Release|Any CPU
	EndGlobalSection
	GlobalSection(ProjectConfigurationPlatforms) = postSolution
		{0C2C66E7-A39F-4FBA-8CD7-D342055FB212}.Debug|Any CPU.ActiveCfg = Debug|Any CPU
		{0C2C66E7-A39F-4FBA-8CD7-D342055FB212}.Debug|Any CPU.Build.0 = Debug|Any CPU
		{0C2C66E7-A39F-4FBA-8CD7-D342055FB212}.Release|Any CPU.ActiveCfg = Release|Any CPU
		{0C2C66E7-A39F-4FBA-8CD7-D342055FB212}.Release|Any CPU.Build.0 = Release|Any CPU
	EndGlobalSection
	GlobalSection(SolutionProperties) = preSolution
		HideSolutionNode = FALSE
	EndGlobalSection
	GlobalSection(ExtensibilityGlobals) = postSolution
		SolutionGuid = {02CA36CE-7D3D-4E5E-B323-DC153C0833F1}
	EndGlobalSection
EndGlobal
